
Microsoft Visual Studio Solution File, Format Version 12.00
# Visual Studio Version 16
VisualStudioVersion = 16.0.31129.286
MinimumVisualStudioVersion = 10.0.40219.1
Project("{9A19103F-16F7-4668-BE54-9A1E7A4F7556}") = "CarDealerConsole", "CarDealerConsole\CarDealerConsole.csproj", "{02A7F188-CC49-47B5-9DA7-54A3D40FFA37}"
EndProject
Global
	GlobalSection(SolutionConfigurationPlatforms) = preSolution
		Debug|Any CPU = Debug|Any CPU
		Release|Any CPU = Release|Any CPU
	EndGlobalSection
	GlobalSection(ProjectConfigurationPlatforms) = postSolution
		{02A7F188-CC49-47B5-9DA7-54A3D40FFA37}.Debug|Any CPU.ActiveCfg = Debug|Any CPU
		{02A7F188-CC49-47B5-9DA7-54A3D40FFA37}.Debug|Any CPU.Build.0 = Debug|Any CPU
		{02A7F188-CC49-47B5-9DA7-54A3D40FFA37}.Release|Any CPU.ActiveCfg = Release|Any CPU
		{02A7F188-CC49-47B5-9DA7-54A3D40FFA37}.Release|Any CPU.Build.0 = Release|Any CPU
	EndGlobalSection
	GlobalSection(SolutionProperties) = preSolution
		HideSolutionNode = FALSE
	EndGlobalSection
	GlobalSection(ExtensibilityGlobals) = postSolution
		SolutionGuid = {192419A6-F22E-48CE-86FA-FC5226106F2A}
	EndGlobalSection
EndGlobal
